{
  "version": 4,
  "terraform_version": "1.9.8",
  "serial": 16,
  "lineage": "4bf5b750-eb3d-13cc-f35f-45ee6297b91e",
  "outputs": {
    "server_ip_address": {
      "value": "151.115.77.243",
      "type": "string"
    }
  },
  "resources": [
    {
      "mode": "managed",
      "type": "scaleway_instance_ip",
      "name": "public_ip",
      "provider": "provider[\"registry.terraform.io/scaleway/scaleway\"]",
      "instances": [
        {
          "schema_version": 0,
          "attributes": {
            "address": "151.115.77.243",
            "id": "pl-waw-2/a8daad72-3665-4f9c-8159-cde4008484e6",
            "organization_id": "1b296bc2-b5c2-44f5-a5a3-4917efac36be",
            "prefix": "151.115.77.243/32",
            "project_id": "1b296bc2-b5c2-44f5-a5a3-4917efac36be",
            "reverse": "",
            "server_id": "pl-waw-2/41bd1496-eada-4610-9537-25d617f5183f",
            "tags": null,
            "timeouts": null,
            "type": "routed_ipv4",
            "zone": "pl-waw-2"
          },
          "sensitive_attributes": [],
          "private": "eyJlMmJmYjczMC1lY2FhLTExZTYtOGY4OC0zNDM2M2JjN2M0YzAiOnsiY3JlYXRlIjo2MDAwMDAwMDAwMCwiZGVmYXVsdCI6NjAwMDAwMDAwMDAsImRlbGV0ZSI6NjAwMDAwMDAwMDAsInJlYWQiOjYwMDAwMDAwMDAwLCJ1cGRhdGUiOjYwMDAwMDAwMDAwfX0="
        }
      ]
    },
    {
      "mode": "managed",
      "type": "scaleway_instance_server",
      "name": "web",
      "provider": "provider[\"registry.terraform.io/scaleway/scaleway\"]",
      "instances": [
        {
          "schema_version": 0,
          "attributes": {
            "additional_volume_ids": [
              "pl-waw-2/80a2c61a-572d-4caa-b464-a1d437f29ca8"
            ],
            "boot_type": "local",
            "bootscript_id": null,
            "cloud_init": null,
            "enable_dynamic_ip": false,
            "enable_ipv6": false,
            "id": "pl-waw-2/41bd1496-eada-4610-9537-25d617f5183f",
            "image": "ubuntu_noble",
            "ip_id": "pl-waw-2/a8daad72-3665-4f9c-8159-cde4008484e6",
            "ip_ids": [],
            "ipv6_address": "",
            "ipv6_gateway": "",
            "ipv6_prefix_length": 0,
            "name": "supabase-deployment-testing",
            "organization_id": "1b296bc2-b5c2-44f5-a5a3-4917efac36be",
            "placement_group_id": null,
            "placement_group_policy_respected": null,
            "private_ip": null,
            "private_network": [],
            "project_id": "1b296bc2-b5c2-44f5-a5a3-4917efac36be",
            "public_ip": "151.115.77.243",
            "public_ips": [
              {
                "address": "151.115.77.243",
                "id": "pl-waw-2/a8daad72-3665-4f9c-8159-cde4008484e6"
              }
            ],
            "replace_on_type_change": false,
            "root_volume": [
              {
                "boot": false,
                "delete_on_termination": true,
                "name": "Ubuntu 24.04 Noble Numbat",
                "sbs_iops": 0,
                "size_in_gb": 10,
                "volume_id": "pl-waw-2/f5c5d15d-ed2d-4e49-a172-9a201db98e38",
                "volume_type": "l_ssd"
              }
            ],
            "routed_ip_enabled": true,
            "security_group_id": "pl-waw-2/f62930de-d150-4644-8e64-1fd6f3d946f7",
            "state": "started",
            "tags": [
              "tests"
            ],
            "timeouts": null,
            "type": "STARDUST1-S",
            "user_data": {
              "ssh-host-fingerprints": "256 SHA256:YmH8ZZvfJ+eevJcCyrZzoI6gy9yGwTxGazzNu2kvbOc root@supabase-deployment-testing (ED25519)\n256 SHA256:1zbUEZ0+Z1mvagnf2LrQ0A9cOxfeETkpeA9An3P9KnU root@supabase-deployment-testing (ECDSA)\n3072 SHA256:GtFjXsoKoziZlsV1iaRFdwdPZeV9sWI6cEkwih7LK/g root@supabase-deployment-testing (RSA)"
            },
            "zone": "pl-waw-2"
          },
          "sensitive_attributes": [],
          "private": "eyJlMmJmYjczMC1lY2FhLTExZTYtOGY4OC0zNDM2M2JjN2M0YzAiOnsiY3JlYXRlIjo2MDAwMDAwMDAwMDAsImRlZmF1bHQiOjYwMDAwMDAwMDAwMCwiZGVsZXRlIjo2MDAwMDAwMDAwMDAsInJlYWQiOjYwMDAwMDAwMDAwMCwidXBkYXRlIjo2MDAwMDAwMDAwMDB9fQ==",
          "dependencies": [
            "scaleway_instance_ip.public_ip",
            "scaleway_instance_volume.data"
          ]
        }
      ]
    },
    {
      "mode": "managed",
      "type": "scaleway_instance_volume",
      "name": "data",
      "provider": "provider[\"registry.terraform.io/scaleway/scaleway\"]",
      "instances": [
        {
          "schema_version": 0,
          "attributes": {
            "from_snapshot_id": null,
            "id": "pl-waw-2/80a2c61a-572d-4caa-b464-a1d437f29ca8",
            "name": "tf-vol-modest-shirley",
            "organization_id": "1b296bc2-b5c2-44f5-a5a3-4917efac36be",
            "project_id": "1b296bc2-b5c2-44f5-a5a3-4917efac36be",
            "server_id": "41bd1496-eada-4610-9537-25d617f5183f",
            "size_in_gb": 10,
            "tags": [],
            "timeouts": null,
            "type": "b_ssd",
            "zone": "pl-waw-2"
          },
          "sensitive_attributes": [],
          "private": "eyJlMmJmYjczMC1lY2FhLTExZTYtOGY4OC0zNDM2M2JjN2M0YzAiOnsiY3JlYXRlIjo2MDAwMDAwMDAwMDAsImRlZmF1bHQiOjYwMDAwMDAwMDAwMCwiZGVsZXRlIjo2MDAwMDAwMDAwMDAsInJlYWQiOjYwMDAwMDAwMDAwMCwidXBkYXRlIjo2MDAwMDAwMDAwMDB9fQ=="
        }
      ]
    }
  ],
  "check_results": null
}
